
Microsoft Visual Studio Solution File, Format Version 12.00
# Visual Studio Version 17
VisualStudioVersion = 17.3.32819.101
MinimumVisualStudioVersion = 10.0.40219.1
Project("{2150E333-8FDC-42A3-9474-1A3956D46DE8}") = "Services", "Services", "{1DD2F8A2-4934-4941-A228-86C866AA2610}"
EndProject
Project("{2150E333-8FDC-42A3-9474-1A3956D46DE8}") = "Catalog", "Catalog", "{3B98B986-D802-4A64-BE4E-8A57829320B2}"
EndProject
Project("{9A19103F-16F7-4668-BE54-9A1E7A4F7556}") = "Catalog.API", "Services\Catalog\Catalog.API\Catalog.API.csproj", "{9F95CFA4-2DC8-413E-9E48-09939F16FC55}"
EndProject
Project("{E53339B2-1760-4266-BCC7-CA923CBCF16C}") = "docker-compose", "docker-compose.dcproj", "{AFDE0914-C640-4878-BD20-BD4DFDD3BFE3}"
EndProject
Project("{2150E333-8FDC-42A3-9474-1A3956D46DE8}") = "Basket", "Basket", "{F81A6DA6-EB9B-4A66-9BDB-168A5F1C3BBA}"
EndProject
Project("{9A19103F-16F7-4668-BE54-9A1E7A4F7556}") = "Basket.API", "Services\Basket\Basket.API\Basket.API.csproj", "{AF110E03-DDED-4DA9-ACED-6F07F197608F}"
EndProject
Project("{2150E333-8FDC-42A3-9474-1A3956D46DE8}") = "Discount", "Discount", "{E529995E-1853-4CE1-93B1-2DC27941BB4F}"
EndProject
Project("{FAE04EC0-301F-11D3-BF4B-00C04F79EFBC}") = "Discount.API", "Services\Discount\Discount.API\Discount.API.csproj", "{1288E894-4AB9-44E8-9CB8-3FBEFD9AFDA8}"
EndProject
Global
	GlobalSection(SolutionConfigurationPlatforms) = preSolution
		Debug|Any CPU = Debug|Any CPU
		Release|Any CPU = Release|Any CPU
	EndGlobalSection
	GlobalSection(ProjectConfigurationPlatforms) = postSolution
		{9F95CFA4-2DC8-413E-9E48-09939F16FC55}.Debug|Any CPU.ActiveCfg = Debug|Any CPU
		{9F95CFA4-2DC8-413E-9E48-09939F16FC55}.Debug|Any CPU.Build.0 = Debug|Any CPU
		{9F95CFA4-2DC8-413E-9E48-09939F16FC55}.Release|Any CPU.ActiveCfg = Release|Any CPU
		{9F95CFA4-2DC8-413E-9E48-09939F16FC55}.Release|Any CPU.Build.0 = Release|Any CPU
		{AFDE0914-C640-4878-BD20-BD4DFDD3BFE3}.Debug|Any CPU.ActiveCfg = Debug|Any CPU
		{AFDE0914-C640-4878-BD20-BD4DFDD3BFE3}.Debug|Any CPU.Build.0 = Debug|Any CPU
		{AFDE0914-C640-4878-BD20-BD4DFDD3BFE3}.Release|Any CPU.ActiveCfg = Release|Any CPU
		{AFDE0914-C640-4878-BD20-BD4DFDD3BFE3}.Release|Any CPU.Build.0 = Release|Any CPU
		{AF110E03-DDED-4DA9-ACED-6F07F197608F}.Debug|Any CPU.ActiveCfg = Debug|Any CPU
		{AF110E03-DDED-4DA9-ACED-6F07F197608F}.Debug|Any CPU.Build.0 = Debug|Any CPU
		{AF110E03-DDED-4DA9-ACED-6F07F197608F}.Release|Any CPU.ActiveCfg = Release|Any CPU
		{AF110E03-DDED-4DA9-ACED-6F07F197608F}.Release|Any CPU.Build.0 = Release|Any CPU
		{1288E894-4AB9-44E8-9CB8-3FBEFD9AFDA8}.Debug|Any CPU.ActiveCfg = Debug|Any CPU
		{1288E894-4AB9-44E8-9CB8-3FBEFD9AFDA8}.Debug|Any CPU.Build.0 = Debug|Any CPU
		{1288E894-4AB9-44E8-9CB8-3FBEFD9AFDA8}.Release|Any CPU.ActiveCfg = Release|Any CPU
		{1288E894-4AB9-44E8-9CB8-3FBEFD9AFDA8}.Release|Any CPU.Build.0 = Release|Any CPU
	EndGlobalSection
	GlobalSection(SolutionProperties) = preSolution
		HideSolutionNode = FALSE
	EndGlobalSection
	GlobalSection(NestedProjects) = preSolution
		{3B98B986-D802-4A64-BE4E-8A57829320B2} = {1DD2F8A2-4934-4941-A228-86C866AA2610}
		{9F95CFA4-2DC8-413E-9E48-09939F16FC55} = {3B98B986-D802-4A64-BE4E-8A57829320B2}
		{F81A6DA6-EB9B-4A66-9BDB-168A5F1C3BBA} = {1DD2F8A2-4934-4941-A228-86C866AA2610}
		{AF110E03-DDED-4DA9-ACED-6F07F197608F} = {F81A6DA6-EB9B-4A66-9BDB-168A5F1C3BBA}
		{E529995E-1853-4CE1-93B1-2DC27941BB4F} = {1DD2F8A2-4934-4941-A228-86C866AA2610}
		{1288E894-4AB9-44E8-9CB8-3FBEFD9AFDA8} = {E529995E-1853-4CE1-93B1-2DC27941BB4F}
	EndGlobalSection
	GlobalSection(ExtensibilityGlobals) = postSolution
		SolutionGuid = {0EBBD9C8-AA9C-43CA-B0E8-DBFF552DD1E9}
	EndGlobalSection
EndGlobal
